// !$*UTF8*$!
{
	archiveVersion = 1;
	classes = {
	};
	objectVersion = 70;
	objects = {

/* Begin PBXBuildFile section */
		6A6562352634B3270064DD6C /* Sourceful in Frameworks */ = {isa = PBXBuildFile; productRef = 6A6562342634B3270064DD6C /* Sourceful */; };
		6AC0FA71264FFE03007AD540 /* DigiAnalytics in Frameworks */ = {isa = PBXBuildFile; productRef = 6AC0FA70264FFE03007AD540 /* DigiAnalytics */; };
		6AC0FA73264FFE18007AD540 /* DigiAnalytics in Frameworks */ = {isa = PBXBuildFile; productRef = 6AC0FA72264FFE18007AD540 /* DigiAnalytics */; };
		6AE8509F26348743006BF4FE /* Sourceful in Frameworks */ = {isa = PBXBuildFile; productRef = 6AE8509E26348743006BF4FE /* Sourceful */; };
		6AF8DB4326395E9D00C3D62F /* StoreKit.framework in Frameworks */ = {isa = PBXBuildFile; fileRef = 6AF8DB4226395E9D00C3D62F /* StoreKit.framework */; };
		6AF8DB4526395EA700C3D62F /* StoreKit.framework in Frameworks */ = {isa = PBXBuildFile; fileRef = 6AF8DB4426395EA700C3D62F /* StoreKit.framework */; };
/* End PBXBuildFile section */

/* Begin PBXFileReference section */
		6A0FA18B262C1CE6002D3AA8 /* LICENSE */ = {isa = PBXFileReference; fileEncoding = 4; lastKnownFileType = text; path = LICENSE; sourceTree = "<group>"; };
		6A0FA18C262C1CE6002D3AA8 /* CODE_OF_CONDUCT.md */ = {isa = PBXFileReference; fileEncoding = 4; lastKnownFileType = net.daringfireball.markdown; path = CODE_OF_CONDUCT.md; sourceTree = "<group>"; };
		6A0FA18D262C1CE6002D3AA8 /* CONTRIBUTING.md */ = {isa = PBXFileReference; fileEncoding = 4; lastKnownFileType = net.daringfireball.markdown; path = CONTRIBUTING.md; sourceTree = "<group>"; };
		6A0FA18E262C1CE6002D3AA8 /* README.md */ = {isa = PBXFileReference; fileEncoding = 4; lastKnownFileType = net.daringfireball.markdown; path = README.md; sourceTree = "<group>"; };
		6AE8502926347B77006BF4FE /* OCaml.app */ = {isa = PBXFileReference; explicitFileType = wrapper.application; includeInIndex = 0; path = OCaml.app; sourceTree = BUILT_PRODUCTS_DIR; };
		6AE8503026347B77006BF4FE /* OCaml.app */ = {isa = PBXFileReference; explicitFileType = wrapper.application; includeInIndex = 0; path = OCaml.app; sourceTree = BUILT_PRODUCTS_DIR; };
		6AF8DB4226395E9D00C3D62F /* StoreKit.framework */ = {isa = PBXFileReference; lastKnownFileType = wrapper.framework; name = StoreKit.framework; path = System/Library/Frameworks/StoreKit.framework; sourceTree = SDKROOT; };
		6AF8DB4426395EA700C3D62F /* StoreKit.framework */ = {isa = PBXFileReference; lastKnownFileType = wrapper.framework; name = StoreKit.framework; path = Platforms/MacOSX.platform/Developer/SDKs/MacOSX11.1.sdk/System/Library/Frameworks/StoreKit.framework; sourceTree = DEVELOPER_DIR; };
/* End PBXFileReference section */

/* Begin PBXFileSystemSynchronizedRootGroup section */
		6A1AA6BD2D65EFFD00ADD55C /* iOS */ = {isa = PBXFileSystemSynchronizedRootGroup; explicitFileTypes = {}; explicitFolders = (); path = iOS; sourceTree = "<group>"; };
		6A1AA6BF2D65F00000ADD55C /* macOS */ = {isa = PBXFileSystemSynchronizedRootGroup; explicitFileTypes = {}; explicitFolders = (); path = macOS; sourceTree = "<group>"; };
		6A1AA6E92D65F17300ADD55C /* Shared */ = {isa = PBXFileSystemSynchronizedRootGroup; explicitFileTypes = {}; explicitFolders = (); path = Shared; sourceTree = "<group>"; };
/* End PBXFileSystemSynchronizedRootGroup section */

/* Begin PBXFrameworksBuildPhase section */
		6AE8502626347B77006BF4FE /* Frameworks */ = {
			isa = PBXFrameworksBuildPhase;
			buildActionMask = 2147483647;
			files = (
				6AF8DB4326395E9D00C3D62F /* StoreKit.framework in Frameworks */,
				6AC0FA71264FFE03007AD540 /* DigiAnalytics in Frameworks */,
				6AE8509F26348743006BF4FE /* Sourceful in Frameworks */,
			);
			runOnlyForDeploymentPostprocessing = 0;
		};
		6AE8502D26347B77006BF4FE /* Frameworks */ = {
			isa = PBXFrameworksBuildPhase;
			buildActionMask = 2147483647;
			files = (
				6AF8DB4526395EA700C3D62F /* StoreKit.framework in Frameworks */,
				6AC0FA73264FFE18007AD540 /* DigiAnalytics in Frameworks */,
				6A6562352634B3270064DD6C /* Sourceful in Frameworks */,
			);
			runOnlyForDeploymentPostprocessing = 0;
		};
/* End PBXFrameworksBuildPhase section */

/* Begin PBXGroup section */
		6A6562332634B3270064DD6C /* Frameworks */ = {
			isa = PBXGroup;
			children = (
				6AF8DB4426395EA700C3D62F /* StoreKit.framework */,
				6AF8DB4226395E9D00C3D62F /* StoreKit.framework */,
			);
			name = Frameworks;
			sourceTree = "<group>";
		};
		6A83942A25A4CF9A0033FA88 = {
			isa = PBXGroup;
			children = (
				6A0FA18C262C1CE6002D3AA8 /* CODE_OF_CONDUCT.md */,
				6A0FA18D262C1CE6002D3AA8 /* CONTRIBUTING.md */,
				6A0FA18B262C1CE6002D3AA8 /* LICENSE */,
				6A0FA18E262C1CE6002D3AA8 /* README.md */,
				6A1AA6E92D65F17300ADD55C /* Shared */,
				6A1AA6BD2D65EFFD00ADD55C /* iOS */,
				6A1AA6BF2D65F00000ADD55C /* macOS */,
				6A83943425A4CF9A0033FA88 /* Products */,
				6A6562332634B3270064DD6C /* Frameworks */,
			);
			sourceTree = "<group>";
		};
		6A83943425A4CF9A0033FA88 /* Products */ = {
			isa = PBXGroup;
			children = (
				6AE8502926347B77006BF4FE /* OCaml.app */,
				6AE8503026347B77006BF4FE /* OCaml.app */,
			);
			name = Products;
			sourceTree = "<group>";
		};
/* End PBXGroup section */

/* Begin PBXNativeTarget section */
		6AE8502826347B77006BF4FE /* OCaml (iOS) */ = {
			isa = PBXNativeTarget;
			buildConfigurationList = 6AE8503A26347B77006BF4FE /* Build configuration list for PBXNativeTarget "OCaml (iOS)" */;
			buildPhases = (
				6A3ACE73264059AB00D5C9C7 /* Swift Lint */,
				6AE8502526347B77006BF4FE /* Sources */,
				6AE8502626347B77006BF4FE /* Frameworks */,
				6AE8502726347B77006BF4FE /* Resources */,
			);
			buildRules = (
			);
			dependencies = (
			);
			fileSystemSynchronizedGroups = (
				6A1AA6E92D65F17300ADD55C /* Shared */,
			);
			name = "OCaml (iOS)";
			packageProductDependencies = (
				6AE8509E26348743006BF4FE /* Sourceful */,
				6AC0FA70264FFE03007AD540 /* DigiAnalytics */,
			);
			productName = "OCaml (iOS)";
			productReference = 6AE8502926347B77006BF4FE /* OCaml.app */;
			productType = "com.apple.product-type.application";
		};
		6AE8502F26347B77006BF4FE /* OCaml (macOS) */ = {
			isa = PBXNativeTarget;
			buildConfigurationList = 6AE8503D26347B77006BF4FE /* Build configuration list for PBXNativeTarget "OCaml (macOS)" */;
			buildPhases = (
				6A3ACE7826405A4600D5C9C7 /* Swift Lint */,
				6AE8502C26347B77006BF4FE /* Sources */,
				6AE8502D26347B77006BF4FE /* Frameworks */,
				6AE8502E26347B77006BF4FE /* Resources */,
			);
			buildRules = (
			);
			dependencies = (
			);
			fileSystemSynchronizedGroups = (
				6A1AA6E92D65F17300ADD55C /* Shared */,
			);
			name = "OCaml (macOS)";
			packageProductDependencies = (
				6A6562342634B3270064DD6C /* Sourceful */,
				6AC0FA72264FFE18007AD540 /* DigiAnalytics */,
			);
			productName = "OCaml (macOS)";
			productReference = 6AE8503026347B77006BF4FE /* OCaml.app */;
			productType = "com.apple.product-type.application";
		};
/* End PBXNativeTarget section */

/* Begin PBXProject section */
		6A83942B25A4CF9A0033FA88 /* Project object */ = {
			isa = PBXProject;
			attributes = {
				BuildIndependentTargetsInParallel = YES;
				LastSwiftUpdateCheck = 1240;
				LastUpgradeCheck = 1620;
				TargetAttributes = {
					6AE8502826347B77006BF4FE = {
						CreatedOnToolsVersion = 12.4;
					};
					6AE8502F26347B77006BF4FE = {
						CreatedOnToolsVersion = 12.4;
					};
				};
			};
			buildConfigurationList = 6A83942E25A4CF9A0033FA88 /* Build configuration list for PBXProject "OCaml" */;
			compatibilityVersion = "Xcode 9.3";
			developmentRegion = en;
			hasScannedForEncodings = 0;
			knownRegions = (
				en,
				Base,
				fr,
				de,
				ja,
			);
			mainGroup = 6A83942A25A4CF9A0033FA88;
			packageReferences = (
				6AE8509D26348743006BF4FE /* XCRemoteSwiftPackageReference "Sourceful" */,
				6AC0FA6F264FFE03007AD540 /* XCRemoteSwiftPackageReference "DigiAnalytics" */,
			);
			productRefGroup = 6A83943425A4CF9A0033FA88 /* Products */;
			projectDirPath = "";
			projectRoot = "";
			targets = (
				6AE8502826347B77006BF4FE /* OCaml (iOS) */,
				6AE8502F26347B77006BF4FE /* OCaml (macOS) */,
			);
		};
/* End PBXProject section */

/* Begin PBXResourcesBuildPhase section */
		6AE8502726347B77006BF4FE /* Resources */ = {
			isa = PBXResourcesBuildPhase;
			buildActionMask = 2147483647;
			files = (
			);
			runOnlyForDeploymentPostprocessing = 0;
		};
		6AE8502E26347B77006BF4FE /* Resources */ = {
			isa = PBXResourcesBuildPhase;
			buildActionMask = 2147483647;
			files = (
			);
			runOnlyForDeploymentPostprocessing = 0;
		};
/* End PBXResourcesBuildPhase section */

/* Begin PBXShellScriptBuildPhase section */
		6A3ACE73264059AB00D5C9C7 /* Swift Lint */ = {
			isa = PBXShellScriptBuildPhase;
			buildActionMask = 2147483647;
			files = (
			);
			inputFileListPaths = (
			);
			inputPaths = (
			);
			name = "Swift Lint";
			outputFileListPaths = (
			);
			outputPaths = (
			);
			runOnlyForDeploymentPostprocessing = 0;
			shellPath = /bin/sh;
			shellScript = "if which swiftlint > /dev/null; then\n    swiftlint\nelse\n    echo \"warning: SwiftGen not installed, download it from https://github.com/realm/SwiftLint\"\nfi\n";
		};
		6A3ACE7826405A4600D5C9C7 /* Swift Lint */ = {
			isa = PBXShellScriptBuildPhase;
			buildActionMask = 2147483647;
			files = (
			);
			inputFileListPaths = (
			);
			inputPaths = (
			);
			name = "Swift Lint";
			outputFileListPaths = (
			);
			outputPaths = (
			);
			runOnlyForDeploymentPostprocessing = 0;
			shellPath = /bin/sh;
			shellScript = "if which swiftlint > /dev/null; then\n    swiftlint\nelse\n    echo \"warning: SwiftGen not installed, download it from https://github.com/realm/SwiftLint\"\nfi\n";
		};
/* End PBXShellScriptBuildPhase section */

/* Begin PBXSourcesBuildPhase section */
		6AE8502526347B77006BF4FE /* Sources */ = {
			isa = PBXSourcesBuildPhase;
			buildActionMask = 2147483647;
			files = (
			);
			runOnlyForDeploymentPostprocessing = 0;
		};
		6AE8502C26347B77006BF4FE /* Sources */ = {
			isa = PBXSourcesBuildPhase;
			buildActionMask = 2147483647;
			files = (
			);
			runOnlyForDeploymentPostprocessing = 0;
		};
/* End PBXSourcesBuildPhase section */

/* Begin XCBuildConfiguration section */
		6A83944525A4CF9D0033FA88 /* Debug */ = {
			isa = XCBuildConfiguration;
			buildSettings = {
				ALWAYS_SEARCH_USER_PATHS = NO;
				ASSETCATALOG_COMPILER_GENERATE_SWIFT_ASSET_SYMBOL_EXTENSIONS = YES;
				CLANG_ANALYZER_LOCALIZABILITY_NONLOCALIZED = YES;
				CLANG_ANALYZER_NONNULL = YES;
				CLANG_ANALYZER_NUMBER_OBJECT_CONVERSION = YES_AGGRESSIVE;
				CLANG_CXX_LANGUAGE_STANDARD = "gnu++14";
				CLANG_CXX_LIBRARY = "libc++";
				CLANG_ENABLE_MODULES = YES;
				CLANG_ENABLE_OBJC_ARC = YES;
				CLANG_ENABLE_OBJC_WEAK = YES;
				CLANG_WARN_BLOCK_CAPTURE_AUTORELEASING = YES;
				CLANG_WARN_BOOL_CONVERSION = YES;
				CLANG_WARN_COMMA = YES;
				CLANG_WARN_CONSTANT_CONVERSION = YES;
				CLANG_WARN_DEPRECATED_OBJC_IMPLEMENTATIONS = YES;
				CLANG_WARN_DIRECT_OBJC_ISA_USAGE = YES_ERROR;
				CLANG_WARN_DOCUMENTATION_COMMENTS = YES;
				CLANG_WARN_EMPTY_BODY = YES;
				CLANG_WARN_ENUM_CONVERSION = YES;
				CLANG_WARN_INFINITE_RECURSION = YES;
				CLANG_WARN_INT_CONVERSION = YES;
				CLANG_WARN_NON_LITERAL_NULL_CONVERSION = YES;
				CLANG_WARN_OBJC_IMPLICIT_RETAIN_SELF = YES;
				CLANG_WARN_OBJC_LITERAL_CONVERSION = YES;
				CLANG_WARN_OBJC_ROOT_CLASS = YES_ERROR;
				CLANG_WARN_QUOTED_INCLUDE_IN_FRAMEWORK_HEADER = YES;
				CLANG_WARN_RANGE_LOOP_ANALYSIS = YES;
				CLANG_WARN_STRICT_PROTOTYPES = YES;
				CLANG_WARN_SUSPICIOUS_MOVE = YES;
				CLANG_WARN_UNGUARDED_AVAILABILITY = YES_AGGRESSIVE;
				CLANG_WARN_UNREACHABLE_CODE = YES;
				CLANG_WARN__DUPLICATE_METHOD_MATCH = YES;
				COPY_PHASE_STRIP = NO;
				DEBUG_INFORMATION_FORMAT = dwarf;
				ENABLE_STRICT_OBJC_MSGSEND = YES;
				ENABLE_TESTABILITY = YES;
				ENABLE_USER_SCRIPT_SANDBOXING = YES;
				GCC_C_LANGUAGE_STANDARD = gnu11;
				GCC_DYNAMIC_NO_PIC = NO;
				GCC_NO_COMMON_BLOCKS = YES;
				GCC_OPTIMIZATION_LEVEL = 0;
				GCC_PREPROCESSOR_DEFINITIONS = (
					"DEBUG=1",
					"$(inherited)",
				);
				GCC_WARN_64_TO_32_BIT_CONVERSION = YES;
				GCC_WARN_ABOUT_RETURN_TYPE = YES_ERROR;
				GCC_WARN_UNDECLARED_SELECTOR = YES;
				GCC_WARN_UNINITIALIZED_AUTOS = YES_AGGRESSIVE;
				GCC_WARN_UNUSED_FUNCTION = YES;
				GCC_WARN_UNUSED_VARIABLE = YES;
				IPHONEOS_DEPLOYMENT_TARGET = 14.1;
				MTL_ENABLE_DEBUG_INFO = INCLUDE_SOURCE;
				MTL_FAST_MATH = YES;
				ONLY_ACTIVE_ARCH = YES;
				SDKROOT = iphoneos;
				SWIFT_ACTIVE_COMPILATION_CONDITIONS = DEBUG;
				SWIFT_OPTIMIZATION_LEVEL = "-Onone";
			};
			name = Debug;
		};
		6A83944625A4CF9D0033FA88 /* Release */ = {
			isa = XCBuildConfiguration;
			buildSettings = {
				ALWAYS_SEARCH_USER_PATHS = NO;
				ASSETCATALOG_COMPILER_GENERATE_SWIFT_ASSET_SYMBOL_EXTENSIONS = YES;
				CLANG_ANALYZER_LOCALIZABILITY_NONLOCALIZED = YES;
				CLANG_ANALYZER_NONNULL = YES;
				CLANG_ANALYZER_NUMBER_OBJECT_CONVERSION = YES_AGGRESSIVE;
				CLANG_CXX_LANGUAGE_STANDARD = "gnu++14";
				CLANG_CXX_LIBRARY = "libc++";
				CLANG_ENABLE_MODULES = YES;
				CLANG_ENABLE_OBJC_ARC = YES;
				CLANG_ENABLE_OBJC_WEAK = YES;
				CLANG_WARN_BLOCK_CAPTURE_AUTORELEASING = YES;
				CLANG_WARN_BOOL_CONVERSION = YES;
				CLANG_WARN_COMMA = YES;
				CLANG_WARN_CONSTANT_CONVERSION = YES;
				CLANG_WARN_DEPRECATED_OBJC_IMPLEMENTATIONS = YES;
				CLANG_WARN_DIRECT_OBJC_ISA_USAGE = YES_ERROR;
				CLANG_WARN_DOCUMENTATION_COMMENTS = YES;
				CLANG_WARN_EMPTY_BODY = YES;
				CLANG_WARN_ENUM_CONVERSION = YES;
				CLANG_WARN_INFINITE_RECURSION = YES;
				CLANG_WARN_INT_CONVERSION = YES;
				CLANG_WARN_NON_LITERAL_NULL_CONVERSION = YES;
				CLANG_WARN_OBJC_IMPLICIT_RETAIN_SELF = YES;
				CLANG_WARN_OBJC_LITERAL_CONVERSION = YES;
				CLANG_WARN_OBJC_ROOT_CLASS = YES_ERROR;
				CLANG_WARN_QUOTED_INCLUDE_IN_FRAMEWORK_HEADER = YES;
				CLANG_WARN_RANGE_LOOP_ANALYSIS = YES;
				CLANG_WARN_STRICT_PROTOTYPES = YES;
				CLANG_WARN_SUSPICIOUS_MOVE = YES;
				CLANG_WARN_UNGUARDED_AVAILABILITY = YES_AGGRESSIVE;
				CLANG_WARN_UNREACHABLE_CODE = YES;
				CLANG_WARN__DUPLICATE_METHOD_MATCH = YES;
				COPY_PHASE_STRIP = NO;
				DEBUG_INFORMATION_FORMAT = "dwarf-with-dsym";
				ENABLE_NS_ASSERTIONS = NO;
				ENABLE_STRICT_OBJC_MSGSEND = YES;
				ENABLE_USER_SCRIPT_SANDBOXING = YES;
				GCC_C_LANGUAGE_STANDARD = gnu11;
				GCC_NO_COMMON_BLOCKS = YES;
				GCC_WARN_64_TO_32_BIT_CONVERSION = YES;
				GCC_WARN_ABOUT_RETURN_TYPE = YES_ERROR;
				GCC_WARN_UNDECLARED_SELECTOR = YES;
				GCC_WARN_UNINITIALIZED_AUTOS = YES_AGGRESSIVE;
				GCC_WARN_UNUSED_FUNCTION = YES;
				GCC_WARN_UNUSED_VARIABLE = YES;
				IPHONEOS_DEPLOYMENT_TARGET = 14.1;
				MTL_ENABLE_DEBUG_INFO = NO;
				MTL_FAST_MATH = YES;
				SDKROOT = iphoneos;
				SWIFT_COMPILATION_MODE = wholemodule;
				SWIFT_OPTIMIZATION_LEVEL = "-O";
				VALIDATE_PRODUCT = YES;
			};
			name = Release;
		};
		6AE8503B26347B77006BF4FE /* Debug */ = {
			isa = XCBuildConfiguration;
			buildSettings = {
				ASSETCATALOG_COMPILER_APPICON_NAME = AppIcon;
				ASSETCATALOG_COMPILER_GLOBAL_ACCENT_COLOR_NAME = AccentColor;
				CODE_SIGN_ENTITLEMENTS = Shared/OCaml.entitlements;
				CODE_SIGN_IDENTITY = "Apple Development";
				CODE_SIGN_STYLE = Automatic;
				CURRENT_PROJECT_VERSION = 175;
				DEVELOPMENT_TEAM = ZL9396WK65;
				ENABLE_PREVIEWS = YES;
				INFOPLIST_FILE = iOS/Info.plist;
				INFOPLIST_KEY_LSApplicationCategoryType = "public.app-category.developer-tools";
				IPHONEOS_DEPLOYMENT_TARGET = 15.0;
				LD_RUNPATH_SEARCH_PATHS = (
					"$(inherited)",
					"@executable_path/Frameworks",
				);
				MARKETING_VERSION = 1.2.9;
				PRODUCT_BUNDLE_IDENTIFIER = me.nathanfallet.OCaml;
				PRODUCT_NAME = OCaml;
				PROVISIONING_PROFILE_SPECIFIER = "";
				SDKROOT = iphoneos;
				SWIFT_VERSION = 5.0;
				TARGETED_DEVICE_FAMILY = "1,2";
				VERSIONING_SYSTEM = "apple-generic";
			};
			name = Debug;
		};
		6AE8503C26347B77006BF4FE /* Release */ = {
			isa = XCBuildConfiguration;
			buildSettings = {
				ASSETCATALOG_COMPILER_APPICON_NAME = AppIcon;
				ASSETCATALOG_COMPILER_GLOBAL_ACCENT_COLOR_NAME = AccentColor;
				CODE_SIGN_ENTITLEMENTS = Shared/OCaml.entitlements;
				CODE_SIGN_IDENTITY = "Apple Development";
				CODE_SIGN_STYLE = Automatic;
				CURRENT_PROJECT_VERSION = 175;
				DEVELOPMENT_TEAM = ZL9396WK65;
				ENABLE_PREVIEWS = YES;
				INFOPLIST_FILE = iOS/Info.plist;
				INFOPLIST_KEY_LSApplicationCategoryType = "public.app-category.developer-tools";
				IPHONEOS_DEPLOYMENT_TARGET = 15.0;
				LD_RUNPATH_SEARCH_PATHS = (
					"$(inherited)",
					"@executable_path/Frameworks",
				);
				MARKETING_VERSION = 1.2.9;
				PRODUCT_BUNDLE_IDENTIFIER = me.nathanfallet.OCaml;
				PRODUCT_NAME = OCaml;
				PROVISIONING_PROFILE_SPECIFIER = "";
				SDKROOT = iphoneos;
				SWIFT_VERSION = 5.0;
				TARGETED_DEVICE_FAMILY = "1,2";
				VALIDATE_PRODUCT = YES;
				VERSIONING_SYSTEM = "apple-generic";
			};
			name = Release;
		};
		6AE8503E26347B77006BF4FE /* Debug */ = {
			isa = XCBuildConfiguration;
			buildSettings = {
				ASSETCATALOG_COMPILER_APPICON_NAME = AppIcon;
				ASSETCATALOG_COMPILER_GLOBAL_ACCENT_COLOR_NAME = AccentColor;
				CODE_SIGN_ENTITLEMENTS = Shared/OCaml.entitlements;
				CODE_SIGN_IDENTITY = "Apple Development";
				CODE_SIGN_STYLE = Automatic;
				COMBINE_HIDPI_IMAGES = YES;
				CURRENT_PROJECT_VERSION = 175;
				DEAD_CODE_STRIPPING = YES;
				DEVELOPMENT_TEAM = ZL9396WK65;
				ENABLE_HARDENED_RUNTIME = YES;
				ENABLE_PREVIEWS = YES;
				INFOPLIST_FILE = macOS/Info.plist;
				INFOPLIST_KEY_LSApplicationCategoryType = "public.app-category.developer-tools";
				LD_RUNPATH_SEARCH_PATHS = (
					"$(inherited)",
					"@executable_path/../Frameworks",
				);
				MACOSX_DEPLOYMENT_TARGET = 12.0;
				MARKETING_VERSION = 1.2.9;
				PRODUCT_BUNDLE_IDENTIFIER = me.nathanfallet.OCaml;
				PRODUCT_NAME = OCaml;
				PROVISIONING_PROFILE_SPECIFIER = "";
				SDKROOT = macosx;
				SWIFT_VERSION = 5.0;
				VERSIONING_SYSTEM = "apple-generic";
			};
			name = Debug;
		};
		6AE8503F26347B77006BF4FE /* Release */ = {
			isa = XCBuildConfiguration;
			buildSettings = {
				ASSETCATALOG_COMPILER_APPICON_NAME = AppIcon;
				ASSETCATALOG_COMPILER_GLOBAL_ACCENT_COLOR_NAME = AccentColor;
				CODE_SIGN_ENTITLEMENTS = Shared/OCaml.entitlements;
				CODE_SIGN_IDENTITY = "Apple Development";
				CODE_SIGN_STYLE = Automatic;
				COMBINE_HIDPI_IMAGES = YES;
				CURRENT_PROJECT_VERSION = 175;
				DEAD_CODE_STRIPPING = YES;
				DEVELOPMENT_TEAM = ZL9396WK65;
				ENABLE_HARDENED_RUNTIME = YES;
				ENABLE_PREVIEWS = YES;
				INFOPLIST_FILE = macOS/Info.plist;
				INFOPLIST_KEY_LSApplicationCategoryType = "public.app-category.developer-tools";
				LD_RUNPATH_SEARCH_PATHS = (
					"$(inherited)",
					"@executable_path/../Frameworks",
				);
				MACOSX_DEPLOYMENT_TARGET = 12.0;
				MARKETING_VERSION = 1.2.9;
				PRODUCT_BUNDLE_IDENTIFIER = me.nathanfallet.OCaml;
				PRODUCT_NAME = OCaml;
				PROVISIONING_PROFILE_SPECIFIER = "";
				SDKROOT = macosx;
				SWIFT_VERSION = 5.0;
				VERSIONING_SYSTEM = "apple-generic";
			};
			name = Release;
		};
/* End XCBuildConfiguration section */

/* Begin XCConfigurationList section */
		6A83942E25A4CF9A0033FA88 /* Build configuration list for PBXProject "OCaml" */ = {
			isa = XCConfigurationList;
			buildConfigurations = (
				6A83944525A4CF9D0033FA88 /* Debug */,
				6A83944625A4CF9D0033FA88 /* Release */,
			);
			defaultConfigurationIsVisible = 0;
			defaultConfigurationName = Release;
		};
		6AE8503A26347B77006BF4FE /* Build configuration list for PBXNativeTarget "OCaml (iOS)" */ = {
			isa = XCConfigurationList;
			buildConfigurations = (
				6AE8503B26347B77006BF4FE /* Debug */,
				6AE8503C26347B77006BF4FE /* Release */,
			);
			defaultConfigurationIsVisible = 0;
			defaultConfigurationName = Release;
		};
		6AE8503D26347B77006BF4FE /* Build configuration list for PBXNativeTarget "OCaml (macOS)" */ = {
			isa = XCConfigurationList;
			buildConfigurations = (
				6AE8503E26347B77006BF4FE /* Debug */,
				6AE8503F26347B77006BF4FE /* Release */,
			);
			defaultConfigurationIsVisible = 0;
			defaultConfigurationName = Release;
		};
/* End XCConfigurationList section */

/* Begin XCRemoteSwiftPackageReference section */
		6AC0FA6F264FFE03007AD540 /* XCRemoteSwiftPackageReference "DigiAnalytics" */ = {
			isa = XCRemoteSwiftPackageReference;
			repositoryURL = "https://github.com/GroupeMINASTE/DigiAnalytics.git";
			requirement = {
				kind = upToNextMajorVersion;
				minimumVersion = 1.0.1;
			};
		};
		6AE8509D26348743006BF4FE /* XCRemoteSwiftPackageReference "Sourceful" */ = {
			isa = XCRemoteSwiftPackageReference;
			repositoryURL = "https://github.com/twostraws/Sourceful.git";
			requirement = {
				kind = upToNextMajorVersion;
				minimumVersion = 0.4.0;
			};
		};
/* End XCRemoteSwiftPackageReference section */

/* Begin XCSwiftPackageProductDependency section */
		6A6562342634B3270064DD6C /* Sourceful */ = {
			isa = XCSwiftPackageProductDependency;
			package = 6AE8509D26348743006BF4FE /* XCRemoteSwiftPackageReference "Sourceful" */;
			productName = Sourceful;
		};
		6AC0FA70264FFE03007AD540 /* DigiAnalytics */ = {
			isa = XCSwiftPackageProductDependency;
			package = 6AC0FA6F264FFE03007AD540 /* XCRemoteSwiftPackageReference "DigiAnalytics" */;
			productName = DigiAnalytics;
		};
		6AC0FA72264FFE18007AD540 /* DigiAnalytics */ = {
			isa = XCSwiftPackageProductDependency;
			package = 6AC0FA6F264FFE03007AD540 /* XCRemoteSwiftPackageReference "DigiAnalytics" */;
			productName = DigiAnalytics;
		};
		6AE8509E26348743006BF4FE /* Sourceful */ = {
			isa = XCSwiftPackageProductDependency;
			package = 6AE8509D26348743006BF4FE /* XCRemoteSwiftPackageReference "Sourceful" */;
			productName = Sourceful;
		};
/* End XCSwiftPackageProductDependency section */
	};
	rootObject = 6A83942B25A4CF9A0033FA88 /* Project object */;
}
